// !$*UTF8*$!
{
	archiveVersion = 1;
	classes = {
	};
	objectVersion = 56;
	objects = {

/* Begin PBXBuildFile section */
		A667BC842BFCCCA700C57FDE /* AppDelegate.swift in Sources */ = {isa = PBXBuildFile; fileRef = A667BC832BFCCCA700C57FDE /* AppDelegate.swift */; };
		A667BC862BFCCCA700C57FDE /* SceneDelegate.swift in Sources */ = {isa = PBXBuildFile; fileRef = A667BC852BFCCCA700C57FDE /* SceneDelegate.swift */; };
		A667BC882BFCCCA700C57FDE /* ViewController.swift in Sources */ = {isa = PBXBuildFile; fileRef = A667BC872BFCCCA700C57FDE /* ViewController.swift */; };
		A667BC8B2BFCCCA700C57FDE /* Main.storyboard in Resources */ = {isa = PBXBuildFile; fileRef = A667BC892BFCCCA700C57FDE /* Main.storyboard */; };
		A667BC8E2BFCCCA700C57FDE /* ZikrTask_withQoriAka.xcdatamodeld in Sources */ = {isa = PBXBuildFile; fileRef = A667BC8C2BFCCCA700C57FDE /* ZikrTask_withQoriAka.xcdatamodeld */; };
		A667BC902BFCCCA900C57FDE /* Assets.xcassets in Resources */ = {isa = PBXBuildFile; fileRef = A667BC8F2BFCCCA900C57FDE /* Assets.xcassets */; };
		A667BC932BFCCCA900C57FDE /* LaunchScreen.storyboard in Resources */ = {isa = PBXBuildFile; fileRef = A667BC912BFCCCA900C57FDE /* LaunchScreen.storyboard */; };
/* End PBXBuildFile section */

/* Begin PBXFileReference section */
		A667BC802BFCCCA700C57FDE /* ZikrTask_withQoriAka.app */ = {isa = PBXFileReference; explicitFileType = wrapper.application; includeInIndex = 0; path = ZikrTask_withQoriAka.app; sourceTree = BUILT_PRODUCTS_DIR; };
		A667BC832BFCCCA700C57FDE /* AppDelegate.swift */ = {isa = PBXFileReference; lastKnownFileType = sourcecode.swift; path = AppDelegate.swift; sourceTree = "<group>"; };
		A667BC852BFCCCA700C57FDE /* SceneDelegate.swift */ = {isa = PBXFileReference; lastKnownFileType = sourcecode.swift; path = SceneDelegate.swift; sourceTree = "<group>"; };
		A667BC872BFCCCA700C57FDE /* ViewController.swift */ = {isa = PBXFileReference; lastKnownFileType = sourcecode.swift; path = ViewController.swift; sourceTree = "<group>"; };
		A667BC8A2BFCCCA700C57FDE /* Base */ = {isa = PBXFileReference; lastKnownFileType = file.storyboard; name = Base; path = Base.lproj/Main.storyboard; sourceTree = "<group>"; };
		A667BC8D2BFCCCA700C57FDE /* ZikrTask_withQoriAka.xcdatamodel */ = {isa = PBXFileReference; lastKnownFileType = wrapper.xcdatamodel; path = ZikrTask_withQoriAka.xcdatamodel; sourceTree = "<group>"; };
		A667BC8F2BFCCCA900C57FDE /* Assets.xcassets */ = {isa = PBXFileReference; lastKnownFileType = folder.assetcatalog; path = Assets.xcassets; sourceTree = "<group>"; };
		A667BC922BFCCCA900C57FDE /* Base */ = {isa = PBXFileReference; lastKnownFileType = file.storyboard; name = Base; path = Base.lproj/LaunchScreen.storyboard; sourceTree = "<group>"; };
		A667BC942BFCCCA900C57FDE /* Info.plist */ = {isa = PBXFileReference; lastKnownFileType = text.plist.xml; path = Info.plist; sourceTree = "<group>"; };
/* End PBXFileReference section */

/* Begin PBXFrameworksBuildPhase section */
		A667BC7D2BFCCCA700C57FDE /* Frameworks */ = {
			isa = PBXFrameworksBuildPhase;
			buildActionMask = 2147483647;
			files = (
			);
			runOnlyForDeploymentPostprocessing = 0;
		};
/* End PBXFrameworksBuildPhase section */

/* Begin PBXGroup section */
		A667BC772BFCCCA700C57FDE = {
			isa = PBXGroup;
			children = (
				A667BC822BFCCCA700C57FDE /* ZikrTask_withQoriAka */,
				A667BC812BFCCCA700C57FDE /* Products */,
			);
			sourceTree = "<group>";
		};
		A667BC812BFCCCA700C57FDE /* Products */ = {
			isa = PBXGroup;
			children = (
				A667BC802BFCCCA700C57FDE /* ZikrTask_withQoriAka.app */,
			);
			name = Products;
			sourceTree = "<group>";
		};
		A667BC822BFCCCA700C57FDE /* ZikrTask_withQoriAka */ = {
			isa = PBXGroup;
			children = (
				A667BC832BFCCCA700C57FDE /* AppDelegate.swift */,
				A667BC852BFCCCA700C57FDE /* SceneDelegate.swift */,
				A667BC872BFCCCA700C57FDE /* ViewController.swift */,
				A667BC892BFCCCA700C57FDE /* Main.storyboard */,
				A667BC8F2BFCCCA900C57FDE /* Assets.xcassets */,
				A667BC912BFCCCA900C57FDE /* LaunchScreen.storyboard */,
				A667BC942BFCCCA900C57FDE /* Info.plist */,
				A667BC8C2BFCCCA700C57FDE /* ZikrTask_withQoriAka.xcdatamodeld */,
			);
			path = ZikrTask_withQoriAka;
			sourceTree = "<group>";
		};
/* End PBXGroup section */

/* Begin PBXNativeTarget section */
		A667BC7F2BFCCCA700C57FDE /* ZikrTask_withQoriAka */ = {
			isa = PBXNativeTarget;
			buildConfigurationList = A667BC972BFCCCA900C57FDE /* Build configuration list for PBXNativeTarget "ZikrTask_withQoriAka" */;
			buildPhases = (
				A667BC7C2BFCCCA700C57FDE /* Sources */,
				A667BC7D2BFCCCA700C57FDE /* Frameworks */,
				A667BC7E2BFCCCA700C57FDE /* Resources */,
			);
			buildRules = (
			);
			dependencies = (
			);
			name = ZikrTask_withQoriAka;
			productName = ZikrTask_withQoriAka;
			productReference = A667BC802BFCCCA700C57FDE /* ZikrTask_withQoriAka.app */;
			productType = "com.apple.product-type.application";
		};
/* End PBXNativeTarget section */

/* Begin PBXProject section */
		A667BC782BFCCCA700C57FDE /* Project object */ = {
			isa = PBXProject;
			attributes = {
				BuildIndependentTargetsInParallel = 1;
				LastSwiftUpdateCheck = 1520;
				LastUpgradeCheck = 1520;
				TargetAttributes = {
					A667BC7F2BFCCCA700C57FDE = {
						CreatedOnToolsVersion = 15.2;
					};
				};
			};
			buildConfigurationList = A667BC7B2BFCCCA700C57FDE /* Build configuration list for PBXProject "ZikrTask_withQoriAka" */;
			compatibilityVersion = "Xcode 14.0";
			developmentRegion = en;
			hasScannedForEncodings = 0;
			knownRegions = (
				en,
				Base,
			);
			mainGroup = A667BC772BFCCCA700C57FDE;
			productRefGroup = A667BC812BFCCCA700C57FDE /* Products */;
			projectDirPath = "";
			projectRoot = "";
			targets = (
				A667BC7F2BFCCCA700C57FDE /* ZikrTask_withQoriAka */,
			);
		};
/* End PBXProject section */

/* Begin PBXResourcesBuildPhase section */
		A667BC7E2BFCCCA700C57FDE /* Resources */ = {
			isa = PBXResourcesBuildPhase;
			buildActionMask = 2147483647;
			files = (
				A667BC932BFCCCA900C57FDE /* LaunchScreen.storyboard in Resources */,
				A667BC902BFCCCA900C57FDE /* Assets.xcassets in Resources */,
				A667BC8B2BFCCCA700C57FDE /* Main.storyboard in Resources */,
			);
			runOnlyForDeploymentPostprocessing = 0;
		};
/* End PBXResourcesBuildPhase section */

/* Begin PBXSourcesBuildPhase section */
		A667BC7C2BFCCCA700C57FDE /* Sources */ = {
			isa = PBXSourcesBuildPhase;
			buildActionMask = 2147483647;
			files = (
				A667BC882BFCCCA700C57FDE /* ViewController.swift in Sources */,
				A667BC8E2BFCCCA700C57FDE /* ZikrTask_withQoriAka.xcdatamodeld in Sources */,
				A667BC842BFCCCA700C57FDE /* AppDelegate.swift in Sources */,
				A667BC862BFCCCA700C57FDE /* SceneDelegate.swift in Sources */,
			);
			runOnlyForDeploymentPostprocessing = 0;
		};
/* End PBXSourcesBuildPhase section */

/* Begin PBXVariantGroup section */
		A667BC892BFCCCA700C57FDE /* Main.storyboard */ = {
			isa = PBXVariantGroup;
			children = (
				A667BC8A2BFCCCA700C57FDE /* Base */,
			);
			name = Main.storyboard;
			sourceTree = "<group>";
		};
		A667BC912BFCCCA900C57FDE /* LaunchScreen.storyboard */ = {
			isa = PBXVariantGroup;
			children = (
				A667BC922BFCCCA900C57FDE /* Base */,
			);
			name = LaunchScreen.storyboard;
			sourceTree = "<group>";
		};
/* End PBXVariantGroup section */

/* Begin XCBuildConfiguration section */
		A667BC952BFCCCA900C57FDE /* Debug */ = {
			isa = XCBuildConfiguration;
			buildSettings = {
				ALWAYS_SEARCH_USER_PATHS = NO;
				ASSETCATALOG_COMPILER_GENERATE_SWIFT_ASSET_SYMBOL_EXTENSIONS = YES;
				CLANG_ANALYZER_NONNULL = YES;
				CLANG_ANALYZER_NUMBER_OBJECT_CONVERSION = YES_AGGRESSIVE;
				CLANG_CXX_LANGUAGE_STANDARD = "gnu++20";
				CLANG_ENABLE_MODULES = YES;
				CLANG_ENABLE_OBJC_ARC = YES;
				CLANG_ENABLE_OBJC_WEAK = YES;
				CLANG_WARN_BLOCK_CAPTURE_AUTORELEASING = YES;
				CLANG_WARN_BOOL_CONVERSION = YES;
				CLANG_WARN_COMMA = YES;
				CLANG_WARN_CONSTANT_CONVERSION = YES;
				CLANG_WARN_DEPRECATED_OBJC_IMPLEMENTATIONS = YES;
				CLANG_WARN_DIRECT_OBJC_ISA_USAGE = YES_ERROR;
				CLANG_WARN_DOCUMENTATION_COMMENTS = YES;
				CLANG_WARN_EMPTY_BODY = YES;
				CLANG_WARN_ENUM_CONVERSION = YES;
				CLANG_WARN_INFINITE_RECURSION = YES;
				CLANG_WARN_INT_CONVERSION = YES;
				CLANG_WARN_NON_LITERAL_NULL_CONVERSION = YES;
				CLANG_WARN_OBJC_IMPLICIT_RETAIN_SELF = YES;
				CLANG_WARN_OBJC_LITERAL_CONVERSION = YES;
				CLANG_WARN_OBJC_ROOT_CLASS = YES_ERROR;
				CLANG_WARN_QUOTED_INCLUDE_IN_FRAMEWORK_HEADER = YES;
				CLANG_WARN_RANGE_LOOP_ANALYSIS = YES;
				CLANG_WARN_STRICT_PROTOTYPES = YES;
				CLANG_WARN_SUSPICIOUS_MOVE = YES;
				CLANG_WARN_UNGUARDED_AVAILABILITY = YES_AGGRESSIVE;
				CLANG_WARN_UNREACHABLE_CODE = YES;
				CLANG_WARN__DUPLICATE_METHOD_MATCH = YES;
				COPY_PHASE_STRIP = NO;
				DEBUG_INFORMATION_FORMAT = dwarf;
				ENABLE_STRICT_OBJC_MSGSEND = YES;
				ENABLE_TESTABILITY = YES;
				ENABLE_USER_SCRIPT_SANDBOXING = YES;
				GCC_C_LANGUAGE_STANDARD = gnu17;
				GCC_DYNAMIC_NO_PIC = NO;
				GCC_NO_COMMON_BLOCKS = YES;
				GCC_OPTIMIZATION_LEVEL = 0;
				GCC_PREPROCESSOR_DEFINITIONS = (
					"DEBUG=1",
					"$(inherited)",
				);
				GCC_WARN_64_TO_32_BIT_CONVERSION = YES;
				GCC_WARN_ABOUT_RETURN_TYPE = YES_ERROR;
				GCC_WARN_UNDECLARED_SELECTOR = YES;
				GCC_WARN_UNINITIALIZED_AUTOS = YES_AGGRESSIVE;
				GCC_WARN_UNUSED_FUNCTION = YES;
				GCC_WARN_UNUSED_VARIABLE = YES;
				IPHONEOS_DEPLOYMENT_TARGET = 17.2;
				LOCALIZATION_PREFERS_STRING_CATALOGS = YES;
				MTL_ENABLE_DEBUG_INFO = INCLUDE_SOURCE;
				MTL_FAST_MATH = YES;
				ONLY_ACTIVE_ARCH = YES;
				SDKROOT = iphoneos;
				SWIFT_ACTIVE_COMPILATION_CONDITIONS = "DEBUG $(inherited)";
				SWIFT_OPTIMIZATION_LEVEL = "-Onone";
			};
			name = Debug;
		};
		A667BC962BFCCCA900C57FDE /* Release */ = {
			isa = XCBuildConfiguration;
			buildSettings = {
				ALWAYS_SEARCH_USER_PATHS = NO;
				ASSETCATALOG_COMPILER_GENERATE_SWIFT_ASSET_SYMBOL_EXTENSIONS = YES;
				CLANG_ANALYZER_NONNULL = YES;
				CLANG_ANALYZER_NUMBER_OBJECT_CONVERSION = YES_AGGRESSIVE;
				CLANG_CXX_LANGUAGE_STANDARD = "gnu++20";
				CLANG_ENABLE_MODULES = YES;
				CLANG_ENABLE_OBJC_ARC = YES;
				CLANG_ENABLE_OBJC_WEAK = YES;
				CLANG_WARN_BLOCK_CAPTURE_AUTORELEASING = YES;
				CLANG_WARN_BOOL_CONVERSION = YES;
				CLANG_WARN_COMMA = YES;
				CLANG_WARN_CONSTANT_CONVERSION = YES;
				CLANG_WARN_DEPRECATED_OBJC_IMPLEMENTATIONS = YES;
				CLANG_WARN_DIRECT_OBJC_ISA_USAGE = YES_ERROR;
				CLANG_WARN_DOCUMENTATION_COMMENTS = YES;
				CLANG_WARN_EMPTY_BODY = YES;
				CLANG_WARN_ENUM_CONVERSION = YES;
				CLANG_WARN_INFINITE_RECURSION = YES;
				CLANG_WARN_INT_CONVERSION = YES;
				CLANG_WARN_NON_LITERAL_NULL_CONVERSION = YES;
				CLANG_WARN_OBJC_IMPLICIT_RETAIN_SELF = YES;
				CLANG_WARN_OBJC_LITERAL_CONVERSION = YES;
				CLANG_WARN_OBJC_ROOT_CLASS = YES_ERROR;
				CLANG_WARN_QUOTED_INCLUDE_IN_FRAMEWORK_HEADER = YES;
				CLANG_WARN_RANGE_LOOP_ANALYSIS = YES;
				CLANG_WARN_STRICT_PROTOTYPES = YES;
				CLANG_WARN_SUSPICIOUS_MOVE = YES;
				CLANG_WARN_UNGUARDED_AVAILABILITY = YES_AGGRESSIVE;
				CLANG_WARN_UNREACHABLE_CODE = YES;
				CLANG_WARN__DUPLICATE_METHOD_MATCH = YES;
				COPY_PHASE_STRIP = NO;
				DEBUG_INFORMATION_FORMAT = "dwarf-with-dsym";
				ENABLE_NS_ASSERTIONS = NO;
				ENABLE_STRICT_OBJC_MSGSEND = YES;
				ENABLE_USER_SCRIPT_SANDBOXING = YES;
				GCC_C_LANGUAGE_STANDARD = gnu17;
				GCC_NO_COMMON_BLOCKS = YES;
				GCC_WARN_64_TO_32_BIT_CONVERSION = YES;
				GCC_WARN_ABOUT_RETURN_TYPE = YES_ERROR;
				GCC_WARN_UNDECLARED_SELECTOR = YES;
				GCC_WARN_UNINITIALIZED_AUTOS = YES_AGGRESSIVE;
				GCC_WARN_UNUSED_FUNCTION = YES;
				GCC_WARN_UNUSED_VARIABLE = YES;
				IPHONEOS_DEPLOYMENT_TARGET = 17.2;
				LOCALIZATION_PREFERS_STRING_CATALOGS = YES;
				MTL_ENABLE_DEBUG_INFO = NO;
				MTL_FAST_MATH = YES;
				SDKROOT = iphoneos;
				SWIFT_COMPILATION_MODE = wholemodule;
				VALIDATE_PRODUCT = YES;
			};
			name = Release;
		};
		A667BC982BFCCCA900C57FDE /* Debug */ = {
			isa = XCBuildConfiguration;
			buildSettings = {
				ASSETCATALOG_COMPILER_APPICON_NAME = AppIcon;
				ASSETCATALOG_COMPILER_GLOBAL_ACCENT_COLOR_NAME = AccentColor;
				CODE_SIGN_STYLE = Automatic;
				CURRENT_PROJECT_VERSION = 1;
				DEVELOPMENT_TEAM = LYCXTPX25J;
				GENERATE_INFOPLIST_FILE = YES;
				INFOPLIST_FILE = ZikrTask_withQoriAka/Info.plist;
				INFOPLIST_KEY_UIApplicationSupportsIndirectInputEvents = YES;
				INFOPLIST_KEY_UILaunchStoryboardName = LaunchScreen;
				INFOPLIST_KEY_UIMainStoryboardFile = Main;
				INFOPLIST_KEY_UISupportedInterfaceOrientations_iPad = "UIInterfaceOrientationPortrait UIInterfaceOrientationPortraitUpsideDown UIInterfaceOrientationLandscapeLeft UIInterfaceOrientationLandscapeRight";
				INFOPLIST_KEY_UISupportedInterfaceOrientations_iPhone = "UIInterfaceOrientationPortrait UIInterfaceOrientationLandscapeLeft UIInterfaceOrientationLandscapeRight";
				LD_RUNPATH_SEARCH_PATHS = (
					"$(inherited)",
					"@executable_path/Frameworks",
				);
				MARKETING_VERSION = 1.0;
				PRODUCT_BUNDLE_IDENTIFIER = "Mo-ydinxonov-Faxriddin.ZikrTask-withQoriAka";
				PRODUCT_NAME = "$(TARGET_NAME)";
				SWIFT_EMIT_LOC_STRINGS = YES;
				SWIFT_VERSION = 5.0;
				TARGETED_DEVICE_FAMILY = "1,2";
			};
			name = Debug;
		};
		A667BC992BFCCCA900C57FDE /* Release */ = {
			isa = XCBuildConfiguration;
			buildSettings = {
				ASSETCATALOG_COMPILER_APPICON_NAME = AppIcon;
				ASSETCATALOG_COMPILER_GLOBAL_ACCENT_COLOR_NAME = AccentColor;
				CODE_SIGN_STYLE = Automatic;
				CURRENT_PROJECT_VERSION = 1;
				DEVELOPMENT_TEAM = LYCXTPX25J;
				GENERATE_INFOPLIST_FILE = YES;
				INFOPLIST_FILE = ZikrTask_withQoriAka/Info.plist;
				INFOPLIST_KEY_UIApplicationSupportsIndirectInputEvents = YES;
				INFOPLIST_KEY_UILaunchStoryboardName = LaunchScreen;
				INFOPLIST_KEY_UIMainStoryboardFile = Main;
				INFOPLIST_KEY_UISupportedInterfaceOrientations_iPad = "UIInterfaceOrientationPortrait UIInterfaceOrientationPortraitUpsideDown UIInterfaceOrientationLandscapeLeft UIInterfaceOrientationLandscapeRight";
				INFOPLIST_KEY_UISupportedInterfaceOrientations_iPhone = "UIInterfaceOrientationPortrait UIInterfaceOrientationLandscapeLeft UIInterfaceOrientationLandscapeRight";
				LD_RUNPATH_SEARCH_PATHS = (
					"$(inherited)",
					"@executable_path/Frameworks",
				);
				MARKETING_VERSION = 1.0;
				PRODUCT_BUNDLE_IDENTIFIER = "Mo-ydinxonov-Faxriddin.ZikrTask-withQoriAka";
				PRODUCT_NAME = "$(TARGET_NAME)";
				SWIFT_EMIT_LOC_STRINGS = YES;
				SWIFT_VERSION = 5.0;
				TARGETED_DEVICE_FAMILY = "1,2";
			};
			name = Release;
		};
/* End XCBuildConfiguration section */

/* Begin XCConfigurationList section */
		A667BC7B2BFCCCA700C57FDE /* Build configuration list for PBXProject "ZikrTask_withQoriAka" */ = {
			isa = XCConfigurationList;
			buildConfigurations = (
				A667BC952BFCCCA900C57FDE /* Debug */,
				A667BC962BFCCCA900C57FDE /* Release */,
			);
			defaultConfigurationIsVisible = 0;
			defaultConfigurationName = Release;
		};
		A667BC972BFCCCA900C57FDE /* Build configuration list for PBXNativeTarget "ZikrTask_withQoriAka" */ = {
			isa = XCConfigurationList;
			buildConfigurations = (
				A667BC982BFCCCA900C57FDE /* Debug */,
				A667BC992BFCCCA900C57FDE /* Release */,
			);
			defaultConfigurationIsVisible = 0;
			defaultConfigurationName = Release;
		};
/* End XCConfigurationList section */

/* Begin XCVersionGroup section */
		A667BC8C2BFCCCA700C57FDE /* ZikrTask_withQoriAka.xcdatamodeld */ = {
			isa = XCVersionGroup;
			children = (
				A667BC8D2BFCCCA700C57FDE /* ZikrTask_withQoriAka.xcdatamodel */,
			);
			currentVersion = A667BC8D2BFCCCA700C57FDE /* ZikrTask_withQoriAka.xcdatamodel */;
			path = ZikrTask_withQoriAka.xcdatamodeld;
			sourceTree = "<group>";
			versionGroupType = wrapper.xcdatamodel;
		};
/* End XCVersionGroup section */
	};
	rootObject = A667BC782BFCCCA700C57FDE /* Project object */;
}
